# THIS IS AN AUTOGENERATED FILE. DO NOT EDIT THIS FILE DIRECTLY.
# yarn lockfile v1


leaflet-ais-tracksymbol-by-akora@^2.0.1:
  version "2.0.1"
  resolved "https://registry.yarnpkg.com/leaflet-ais-tracksymbol-by-akora/-/leaflet-ais-tracksymbol-by-akora-2.0.1.tgz#fad407caa40eee001ac6fda59e52bd1028106d6b"
  integrity sha512-oGjYiAxH+CFQcRg/KNp6mioIijSAHUaJn9frwRhIgOUyfJDUm7E0yAWwqWb3VAkQEBjtC8gVbAsH40KK2JYO6A==
